Microsoft Visual Studio Solution File, Format Version 11.00
# Visual Studio 2010
Project("{8BC9CEB8-8B4A-11D0-8D11-00A0C91BC942}") = "audio2", "audio2\audio2.vcxproj", "{D7C54F0E-AF0A-4C83-BB0B-1E6CB2998FD1}"
EndProject
Project("{8BC9CEB8-8B4A-11D0-8D11-00A0C91BC942}") = "ccor", "ccor\ccor.vcxproj", "{FAD43593-6E3A-4C9B-9591-AF5CB35BA3D5}"
EndProject
Project("{8BC9CEB8-8B4A-11D0-8D11-00A0C91BC942}") = "ccorlogic", "ccorlogic\ccorlogic.vcxproj", "{34E5B3B5-2ABC-4761-B06C-2E51D4FC0013}"
EndProject
Project("{8BC9CEB8-8B4A-11D0-8D11-00A0C91BC942}") = "engine", "engine\engine.vcxproj", "{8CACD851-2149-467B-A426-FCCCD6ABB76B}"
EndProject
Project("{8BC9CEB8-8B4A-11D0-8D11-00A0C91BC942}") = "input", "input\input.vcxproj", "{D48EC932-5CF4-4AC9-8B29-932DB2B3455E}"
EndProject
Project("{8BC9CEB8-8B4A-11D0-8D11-00A0C91BC942}") = "language", "language\language.vcxproj", "{DFCC84FA-D24B-4137-BFB2-326094377124}"
EndProject
Project("{8BC9CEB8-8B4A-11D0-8D11-00A0C91BC942}") = "mainwnd", "mainwnd\mainwnd.vcxproj", "{7B3058E2-C364-4215-9633-E8B4AA3DB3AF}"
EndProject
Project("{8BC9CEB8-8B4A-11D0-8D11-00A0C91BC942}") = "gameplay", "gameplay\gameplay.vcxproj", "{4341B448-F769-4ECE-A934-9F27E8E6CFF3}"
EndProject
Global
	GlobalSection(SolutionConfigurationPlatforms) = preSolution
		Debug|Win32 = Debug|Win32
		FakeRelease|Win32 = FakeRelease|Win32
		Release|Win32 = Release|Win32
	EndGlobalSection
	GlobalSection(ProjectConfigurationPlatforms) = postSolution
		{D7C54F0E-AF0A-4C83-BB0B-1E6CB2998FD1}.Debug|Win32.ActiveCfg = Debug|Win32
		{D7C54F0E-AF0A-4C83-BB0B-1E6CB2998FD1}.Debug|Win32.Build.0 = Debug|Win32
		{D7C54F0E-AF0A-4C83-BB0B-1E6CB2998FD1}.FakeRelease|Win32.ActiveCfg = Release|Win32
		{D7C54F0E-AF0A-4C83-BB0B-1E6CB2998FD1}.FakeRelease|Win32.Build.0 = Release|Win32
		{D7C54F0E-AF0A-4C83-BB0B-1E6CB2998FD1}.Release|Win32.ActiveCfg = Release|Win32
		{D7C54F0E-AF0A-4C83-BB0B-1E6CB2998FD1}.Release|Win32.Build.0 = Release|Win32
		{FAD43593-6E3A-4C9B-9591-AF5CB35BA3D5}.Debug|Win32.ActiveCfg = Debug|Win32
		{FAD43593-6E3A-4C9B-9591-AF5CB35BA3D5}.Debug|Win32.Build.0 = Debug|Win32
		{FAD43593-6E3A-4C9B-9591-AF5CB35BA3D5}.FakeRelease|Win32.ActiveCfg = FakeRelease|Win32
		{FAD43593-6E3A-4C9B-9591-AF5CB35BA3D5}.FakeRelease|Win32.Build.0 = FakeRelease|Win32
		{FAD43593-6E3A-4C9B-9591-AF5CB35BA3D5}.Release|Win32.ActiveCfg = Release|Win32
		{FAD43593-6E3A-4C9B-9591-AF5CB35BA3D5}.Release|Win32.Build.0 = Release|Win32
		{34E5B3B5-2ABC-4761-B06C-2E51D4FC0013}.Debug|Win32.ActiveCfg = Debug|Win32
		{34E5B3B5-2ABC-4761-B06C-2E51D4FC0013}.Debug|Win32.Build.0 = Debug|Win32
		{34E5B3B5-2ABC-4761-B06C-2E51D4FC0013}.FakeRelease|Win32.ActiveCfg = FakeRelease|Win32
		{34E5B3B5-2ABC-4761-B06C-2E51D4FC0013}.FakeRelease|Win32.Build.0 = FakeRelease|Win32
		{34E5B3B5-2ABC-4761-B06C-2E51D4FC0013}.Release|Win32.ActiveCfg = Release|Win32
		{34E5B3B5-2ABC-4761-B06C-2E51D4FC0013}.Release|Win32.Build.0 = Release|Win32
		{8CACD851-2149-467B-A426-FCCCD6ABB76B}.Debug|Win32.ActiveCfg = Debug|Win32
		{8CACD851-2149-467B-A426-FCCCD6ABB76B}.Debug|Win32.Build.0 = Debug|Win32
		{8CACD851-2149-467B-A426-FCCCD6ABB76B}.FakeRelease|Win32.ActiveCfg = FakeRelease|Win32
		{8CACD851-2149-467B-A426-FCCCD6ABB76B}.FakeRelease|Win32.Build.0 = FakeRelease|Win32
		{8CACD851-2149-467B-A426-FCCCD6ABB76B}.Release|Win32.ActiveCfg = Release|Win32
		{8CACD851-2149-467B-A426-FCCCD6ABB76B}.Release|Win32.Build.0 = Release|Win32
		{D48EC932-5CF4-4AC9-8B29-932DB2B3455E}.Debug|Win32.ActiveCfg = Debug|Win32
		{D48EC932-5CF4-4AC9-8B29-932DB2B3455E}.Debug|Win32.Build.0 = Debug|Win32
		{D48EC932-5CF4-4AC9-8B29-932DB2B3455E}.FakeRelease|Win32.ActiveCfg = FakeRelease|Win32
		{D48EC932-5CF4-4AC9-8B29-932DB2B3455E}.FakeRelease|Win32.Build.0 = FakeRelease|Win32
		{D48EC932-5CF4-4AC9-8B29-932DB2B3455E}.Release|Win32.ActiveCfg = Release|Win32
		{D48EC932-5CF4-4AC9-8B29-932DB2B3455E}.Release|Win32.Build.0 = Release|Win32
		{DFCC84FA-D24B-4137-BFB2-326094377124}.Debug|Win32.ActiveCfg = Debug|Win32
		{DFCC84FA-D24B-4137-BFB2-326094377124}.FakeRelease|Win32.ActiveCfg = Release|Win32
		{DFCC84FA-D24B-4137-BFB2-326094377124}.Release|Win32.ActiveCfg = Release|Win32
		{7B3058E2-C364-4215-9633-E8B4AA3DB3AF}.Debug|Win32.ActiveCfg = Debug|Win32
		{7B3058E2-C364-4215-9633-E8B4AA3DB3AF}.Debug|Win32.Build.0 = Debug|Win32
		{7B3058E2-C364-4215-9633-E8B4AA3DB3AF}.FakeRelease|Win32.ActiveCfg = FakeRelease|Win32
		{7B3058E2-C364-4215-9633-E8B4AA3DB3AF}.FakeRelease|Win32.Build.0 = FakeRelease|Win32
		{7B3058E2-C364-4215-9633-E8B4AA3DB3AF}.Release|Win32.ActiveCfg = Release|Win32
		{7B3058E2-C364-4215-9633-E8B4AA3DB3AF}.Release|Win32.Build.0 = Release|Win32
		{4341B448-F769-4ECE-A934-9F27E8E6CFF3}.Debug|Win32.ActiveCfg = Debug|Win32
		{4341B448-F769-4ECE-A934-9F27E8E6CFF3}.Debug|Win32.Build.0 = Debug|Win32
		{4341B448-F769-4ECE-A934-9F27E8E6CFF3}.FakeRelease|Win32.ActiveCfg = FakeRelease|Win32
		{4341B448-F769-4ECE-A934-9F27E8E6CFF3}.FakeRelease|Win32.Build.0 = FakeRelease|Win32
		{4341B448-F769-4ECE-A934-9F27E8E6CFF3}.Release|Win32.ActiveCfg = Release|Win32
		{4341B448-F769-4ECE-A934-9F27E8E6CFF3}.Release|Win32.Build.0 = Release|Win32
	EndGlobalSection
	GlobalSection(SolutionProperties) = preSolution
		HideSolutionNode = FALSE
	EndGlobalSection
EndGlobal
