<?xml version="1.0" encoding="utf-8"?>
<Project ToolsVersion="4.0" xmlns="http://schemas.microsoft.com/developer/msbuild/2003">
  <ItemGroup>
    <Filter Include="Source Files">
      <UniqueIdentifier>{db865340-bb38-4a05-9902-70936b2ab25f}</UniqueIdentifier>
      <Extensions>cpp;c;cxx;rc;def;r;odl;idl;hpj;bat</Extensions>
    </Filter>
    <Filter Include="Header Files">
      <UniqueIdentifier>{4938db07-bef9-40e7-a8a4-c784dd520dac}</UniqueIdentifier>
      <Extensions>h;hpp;hxx;hm;inl</Extensions>
    </Filter>
    <Filter Include="Resource Files">
      <UniqueIdentifier>{528516ec-d49a-4633-b071-fa661b67922b}</UniqueIdentifier>
      <Extensions>ico;cur;bmp;dlg;rc2;rct;bin;rgs;gif;jpg;jpeg;jpe</Extensions>
    </Filter>
  </ItemGroup>
  <ItemGroup>
    <ClCompile Include=".loadStaticComponents.cpp">
      <Filter>Source Files</Filter>
    </ClCompile>
    <ClCompile Include="CCorComp.cpp">
      <Filter>Source Files</Filter>
    </ClCompile>
    <ClCompile Include="ComponentMgr.cpp">
      <Filter>Source Files</Filter>
    </ClCompile>
    <ClCompile Include="ComponentMgr.win32.cpp">
      <Filter>Source Files</Filter>
    </ClCompile>
    <ClCompile Include="CoreImpl.cpp">
      <Filter>Source Files</Filter>
    </ClCompile>
    <ClCompile Include="CoreImpl.win32.cpp">
      <Filter>Source Files</Filter>
    </ClCompile>
    <ClCompile Include="EntityMgr.cpp">
      <Filter>Source Files</Filter>
    </ClCompile>
    <ClCompile Include="Idset.cpp">
      <Filter>Source Files</Filter>
    </ClCompile>
    <ClCompile Include="main.win32.cpp">
      <Filter>Source Files</Filter>
    </ClCompile>
    <ClCompile Include="ParamPack.cpp">
      <Filter>Source Files</Filter>
    </ClCompile>
    <ClCompile Include="Resource.cpp">
      <Filter>Source Files</Filter>
    </ClCompile>
    <ClCompile Include="SerializeStreamImpl.cpp">
      <Filter>Source Files</Filter>
    </ClCompile>
    <ClCompile Include="SmlProcessor.cpp">
      <Filter>Source Files</Filter>
    </ClCompile>
    <ClCompile Include="TriggerMgr.cpp">
      <Filter>Source Files</Filter>
    </ClCompile>
    <ClCompile Include="VtableDisplace.cpp">
      <Filter>Source Files</Filter>
    </ClCompile>
  </ItemGroup>
  <ItemGroup>
    <ClInclude Include="..\shared\ccor.h">
      <Filter>Header Files</Filter>
    </ClInclude>
    <ClInclude Include="CCorComp.h">
      <Filter>Header Files</Filter>
    </ClInclude>
    <ClInclude Include="ComponentMgr.h">
      <Filter>Header Files</Filter>
    </ClInclude>
    <ClInclude Include="CoreImpl.h">
      <Filter>Header Files</Filter>
    </ClInclude>
    <ClInclude Include="EntityMgr.h">
      <Filter>Header Files</Filter>
    </ClInclude>
    <ClInclude Include="headers.h">
      <Filter>Header Files</Filter>
    </ClInclude>
    <ClInclude Include="Idset.h">
      <Filter>Header Files</Filter>
    </ClInclude>
    <ClInclude Include="ParamPack.h">
      <Filter>Header Files</Filter>
    </ClInclude>
    <ClInclude Include="RandToolkit.h">
      <Filter>Header Files</Filter>
    </ClInclude>
    <ClInclude Include="Resource.h">
      <Filter>Header Files</Filter>
    </ClInclude>
    <ClInclude Include="SerializeStreamImpl.h">
      <Filter>Header Files</Filter>
    </ClInclude>
    <ClInclude Include="SmlProcessor.h">
      <Filter>Header Files</Filter>
    </ClInclude>
    <ClInclude Include="TriggerMgr.h">
      <Filter>Header Files</Filter>
    </ClInclude>
    <ClInclude Include="VtableDisplace.h">
      <Filter>Header Files</Filter>
    </ClInclude>
  </ItemGroup>
  <ItemGroup>
    <Library Include="zlib\zlibstat.lib" />
  </ItemGroup>
</Project>